
Microsoft Visual Studio Solution File, Format Version 12.00
# Visual Studio 15
VisualStudioVersion = 15.0.27703.2042
MinimumVisualStudioVersion = 10.0.40219.1
Project("{FAE04EC0-301F-11D3-BF4B-00C04F79EFBC}") = "IPG_zad2", "IPG_zad2\IPG_zad2.csproj", "{2E3DAF8A-4E72-478E-91B1-0B3AC8568326}"
EndProject
Global
	GlobalSection(SolutionConfigurationPlatforms) = preSolution
		Debug|Any CPU = Debug|Any CPU
		Release|Any CPU = Release|Any CPU
	EndGlobalSection
	GlobalSection(ProjectConfigurationPlatforms) = postSolution
		{2E3DAF8A-4E72-478E-91B1-0B3AC8568326}.Debug|Any CPU.ActiveCfg = Debug|Any CPU
		{2E3DAF8A-4E72-478E-91B1-0B3AC8568326}.Debug|Any CPU.Build.0 = Debug|Any CPU
		{2E3DAF8A-4E72-478E-91B1-0B3AC8568326}.Release|Any CPU.ActiveCfg = Release|Any CPU
		{2E3DAF8A-4E72-478E-91B1-0B3AC8568326}.Release|Any CPU.Build.0 = Release|Any CPU
	EndGlobalSection
	GlobalSection(SolutionProperties) = preSolution
		HideSolutionNode = FALSE
	EndGlobalSection
	GlobalSection(ExtensibilityGlobals) = postSolution
		SolutionGuid = {F269039B-6BE8-41EB-9EC3-0823AA107252}
	EndGlobalSection
EndGlobal
